
Microsoft Visual Studio Solution File, Format Version 12.00
# Visual Studio Version 17
VisualStudioVersion = 17.11.35222.181
MinimumVisualStudioVersion = 10.0.40219.1
Project("{FAE04EC0-301F-11D3-BF4B-00C04F79EFBC}") = "Laba 2.2", "Laba 2.2\Laba 2.2.csproj", "{13468AA8-F1C0-421D-84E8-2F14CF34EF73}"
EndProject
Global
	GlobalSection(SolutionConfigurationPlatforms) = preSolution
		Debug|Any CPU = Debug|Any CPU
		Release|Any CPU = Release|Any CPU
	EndGlobalSection
	GlobalSection(ProjectConfigurationPlatforms) = postSolution
		{13468AA8-F1C0-421D-84E8-2F14CF34EF73}.Debug|Any CPU.ActiveCfg = Debug|Any CPU
		{13468AA8-F1C0-421D-84E8-2F14CF34EF73}.Debug|Any CPU.Build.0 = Debug|Any CPU
		{13468AA8-F1C0-421D-84E8-2F14CF34EF73}.Release|Any CPU.ActiveCfg = Release|Any CPU
		{13468AA8-F1C0-421D-84E8-2F14CF34EF73}.Release|Any CPU.Build.0 = Release|Any CPU
	EndGlobalSection
	GlobalSection(SolutionProperties) = preSolution
		HideSolutionNode = FALSE
	EndGlobalSection
	GlobalSection(ExtensibilityGlobals) = postSolution
		SolutionGuid = {524CC9BA-1BA0-4CC0-B56D-8F30FD04A463}
	EndGlobalSection
EndGlobal
